
Microsoft Visual Studio Solution File, Format Version 12.00
# Visual Studio Version 16
VisualStudioVersion = 16.0.30711.63
MinimumVisualStudioVersion = 10.0.40219.1
Project("{FAE04EC0-301F-11D3-BF4B-00C04F79EFBC}") = "CorrLog", "CorrLog\CorrLog.csproj", "{1DC2F1D4-BEC4-4255-8090-002C20FB908F}"
EndProject
Project("{FAE04EC0-301F-11D3-BF4B-00C04F79EFBC}") = "Messages", "Messages\Messages.csproj", "{A94C60EB-35F5-48C8-B90B-ACFFFCC51053}"
EndProject
Global
	GlobalSection(SolutionConfigurationPlatforms) = preSolution
		Debug|Any CPU = Debug|Any CPU
		Release|Any CPU = Release|Any CPU
	EndGlobalSection
	GlobalSection(ProjectConfigurationPlatforms) = postSolution
		{1DC2F1D4-BEC4-4255-8090-002C20FB908F}.Debug|Any CPU.ActiveCfg = Debug|Any CPU
		{1DC2F1D4-BEC4-4255-8090-002C20FB908F}.Debug|Any CPU.Build.0 = Debug|Any CPU
		{1DC2F1D4-BEC4-4255-8090-002C20FB908F}.Release|Any CPU.ActiveCfg = Release|Any CPU
		{1DC2F1D4-BEC4-4255-8090-002C20FB908F}.Release|Any CPU.Build.0 = Release|Any CPU
		{A94C60EB-35F5-48C8-B90B-ACFFFCC51053}.Debug|Any CPU.ActiveCfg = Debug|Any CPU
		{A94C60EB-35F5-48C8-B90B-ACFFFCC51053}.Debug|Any CPU.Build.0 = Debug|Any CPU
		{A94C60EB-35F5-48C8-B90B-ACFFFCC51053}.Release|Any CPU.ActiveCfg = Release|Any CPU
		{A94C60EB-35F5-48C8-B90B-ACFFFCC51053}.Release|Any CPU.Build.0 = Release|Any CPU
	EndGlobalSection
	GlobalSection(SolutionProperties) = preSolution
		HideSolutionNode = FALSE
	EndGlobalSection
	GlobalSection(ExtensibilityGlobals) = postSolution
		SolutionGuid = {E10181EB-CDF3-4795-B82A-238DB875BA23}
	EndGlobalSection
EndGlobal
